// !$*UTF8*$!
{
	archiveVersion = 1;
	classes = {
	};
	objectVersion = 56;
	objects = {

/* Begin PBXBuildFile section */
		53F10E152AE504F000CB13CE /* AppDelegate.swift in Sources */ = {isa = PBXBuildFile; fileRef = 53F10E142AE504F000CB13CE /* AppDelegate.swift */; };
		53F10E172AE504F000CB13CE /* SceneDelegate.swift in Sources */ = {isa = PBXBuildFile; fileRef = 53F10E162AE504F000CB13CE /* SceneDelegate.swift */; };
		53F10E192AE504F000CB13CE /* ViewController.swift in Sources */ = {isa = PBXBuildFile; fileRef = 53F10E182AE504F000CB13CE /* ViewController.swift */; };
		53F10E1C2AE504F000CB13CE /* Main.storyboard in Resources */ = {isa = PBXBuildFile; fileRef = 53F10E1A2AE504F000CB13CE /* Main.storyboard */; };
		53F10E1E2AE504F100CB13CE /* Assets.xcassets in Resources */ = {isa = PBXBuildFile; fileRef = 53F10E1D2AE504F100CB13CE /* Assets.xcassets */; };
		53F10E212AE504F100CB13CE /* LaunchScreen.storyboard in Resources */ = {isa = PBXBuildFile; fileRef = 53F10E1F2AE504F100CB13CE /* LaunchScreen.storyboard */; };
		53F10E292AE5056B00CB13CE /* final.png in Resources */ = {isa = PBXBuildFile; fileRef = 53F10E282AE5056B00CB13CE /* final.png */; };
		53F10E2B2AE50CA800CB13CE /* MapView.swift in Sources */ = {isa = PBXBuildFile; fileRef = 53F10E2A2AE50CA800CB13CE /* MapView.swift */; };
/* End PBXBuildFile section */

/* Begin PBXFileReference section */
		53F10E112AE504F000CB13CE /* OutbreakGuardian.app */ = {isa = PBXFileReference; explicitFileType = wrapper.application; includeInIndex = 0; path = OutbreakGuardian.app; sourceTree = BUILT_PRODUCTS_DIR; };
		53F10E142AE504F000CB13CE /* AppDelegate.swift */ = {isa = PBXFileReference; lastKnownFileType = sourcecode.swift; path = AppDelegate.swift; sourceTree = "<group>"; };
		53F10E162AE504F000CB13CE /* SceneDelegate.swift */ = {isa = PBXFileReference; lastKnownFileType = sourcecode.swift; path = SceneDelegate.swift; sourceTree = "<group>"; };
		53F10E182AE504F000CB13CE /* ViewController.swift */ = {isa = PBXFileReference; lastKnownFileType = sourcecode.swift; path = ViewController.swift; sourceTree = "<group>"; };
		53F10E1B2AE504F000CB13CE /* Base */ = {isa = PBXFileReference; lastKnownFileType = file.storyboard; name = Base; path = Base.lproj/Main.storyboard; sourceTree = "<group>"; };
		53F10E1D2AE504F100CB13CE /* Assets.xcassets */ = {isa = PBXFileReference; lastKnownFileType = folder.assetcatalog; path = Assets.xcassets; sourceTree = "<group>"; };
		53F10E202AE504F100CB13CE /* Base */ = {isa = PBXFileReference; lastKnownFileType = file.storyboard; name = Base; path = Base.lproj/LaunchScreen.storyboard; sourceTree = "<group>"; };
		53F10E222AE504F100CB13CE /* Info.plist */ = {isa = PBXFileReference; lastKnownFileType = text.plist.xml; path = Info.plist; sourceTree = "<group>"; };
		53F10E282AE5056B00CB13CE /* final.png */ = {isa = PBXFileReference; lastKnownFileType = image.png; name = final.png; path = ../../../Downloads/final.png; sourceTree = "<group>"; };
		53F10E2A2AE50CA800CB13CE /* MapView.swift */ = {isa = PBXFileReference; lastKnownFileType = sourcecode.swift; path = MapView.swift; sourceTree = "<group>"; };
/* End PBXFileReference section */

/* Begin PBXFrameworksBuildPhase section */
		53F10E0E2AE504F000CB13CE /* Frameworks */ = {
			isa = PBXFrameworksBuildPhase;
			buildActionMask = 2147483647;
			files = (
			);
			runOnlyForDeploymentPostprocessing = 0;
		};
/* End PBXFrameworksBuildPhase section */

/* Begin PBXGroup section */
		53F10E082AE504F000CB13CE = {
			isa = PBXGroup;
			children = (
				53F10E132AE504F000CB13CE /* OutbreakGuardian */,
				53F10E122AE504F000CB13CE /* Products */,
			);
			sourceTree = "<group>";
		};
		53F10E122AE504F000CB13CE /* Products */ = {
			isa = PBXGroup;
			children = (
				53F10E112AE504F000CB13CE /* OutbreakGuardian.app */,
			);
			name = Products;
			sourceTree = "<group>";
		};
		53F10E132AE504F000CB13CE /* OutbreakGuardian */ = {
			isa = PBXGroup;
			children = (
				53F10E282AE5056B00CB13CE /* final.png */,
				53F10E142AE504F000CB13CE /* AppDelegate.swift */,
				53F10E162AE504F000CB13CE /* SceneDelegate.swift */,
				53F10E182AE504F000CB13CE /* ViewController.swift */,
				53F10E1A2AE504F000CB13CE /* Main.storyboard */,
				53F10E2A2AE50CA800CB13CE /* MapView.swift */,
				53F10E1D2AE504F100CB13CE /* Assets.xcassets */,
				53F10E1F2AE504F100CB13CE /* LaunchScreen.storyboard */,
				53F10E222AE504F100CB13CE /* Info.plist */,
			);
			path = OutbreakGuardian;
			sourceTree = "<group>";
		};
/* End PBXGroup section */

/* Begin PBXNativeTarget section */
		53F10E102AE504F000CB13CE /* OutbreakGuardian */ = {
			isa = PBXNativeTarget;
			buildConfigurationList = 53F10E252AE504F100CB13CE /* Build configuration list for PBXNativeTarget "OutbreakGuardian" */;
			buildPhases = (
				53F10E0D2AE504F000CB13CE /* Sources */,
				53F10E0E2AE504F000CB13CE /* Frameworks */,
				53F10E0F2AE504F000CB13CE /* Resources */,
			);
			buildRules = (
			);
			dependencies = (
			);
			name = OutbreakGuardian;
			productName = OutbreakGuardian;
			productReference = 53F10E112AE504F000CB13CE /* OutbreakGuardian.app */;
			productType = "com.apple.product-type.application";
		};
/* End PBXNativeTarget section */

/* Begin PBXProject section */
		53F10E092AE504F000CB13CE /* Project object */ = {
			isa = PBXProject;
			attributes = {
				BuildIndependentTargetsInParallel = 1;
				LastSwiftUpdateCheck = 1420;
				LastUpgradeCheck = 1420;
				TargetAttributes = {
					53F10E102AE504F000CB13CE = {
						CreatedOnToolsVersion = 14.2;
					};
				};
			};
			buildConfigurationList = 53F10E0C2AE504F000CB13CE /* Build configuration list for PBXProject "OutbreakGuardian" */;
			compatibilityVersion = "Xcode 14.0";
			developmentRegion = en;
			hasScannedForEncodings = 0;
			knownRegions = (
				en,
				Base,
			);
			mainGroup = 53F10E082AE504F000CB13CE;
			productRefGroup = 53F10E122AE504F000CB13CE /* Products */;
			projectDirPath = "";
			projectRoot = "";
			targets = (
				53F10E102AE504F000CB13CE /* OutbreakGuardian */,
			);
		};
/* End PBXProject section */

/* Begin PBXResourcesBuildPhase section */
		53F10E0F2AE504F000CB13CE /* Resources */ = {
			isa = PBXResourcesBuildPhase;
			buildActionMask = 2147483647;
			files = (
				53F10E212AE504F100CB13CE /* LaunchScreen.storyboard in Resources */,
				53F10E1E2AE504F100CB13CE /* Assets.xcassets in Resources */,
				53F10E292AE5056B00CB13CE /* final.png in Resources */,
				53F10E1C2AE504F000CB13CE /* Main.storyboard in Resources */,
			);
			runOnlyForDeploymentPostprocessing = 0;
		};
/* End PBXResourcesBuildPhase section */

/* Begin PBXSourcesBuildPhase section */
		53F10E0D2AE504F000CB13CE /* Sources */ = {
			isa = PBXSourcesBuildPhase;
			buildActionMask = 2147483647;
			files = (
				53F10E192AE504F000CB13CE /* ViewController.swift in Sources */,
				53F10E2B2AE50CA800CB13CE /* MapView.swift in Sources */,
				53F10E152AE504F000CB13CE /* AppDelegate.swift in Sources */,
				53F10E172AE504F000CB13CE /* SceneDelegate.swift in Sources */,
			);
			runOnlyForDeploymentPostprocessing = 0;
		};
/* End PBXSourcesBuildPhase section */

/* Begin PBXVariantGroup section */
		53F10E1A2AE504F000CB13CE /* Main.storyboard */ = {
			isa = PBXVariantGroup;
			children = (
				53F10E1B2AE504F000CB13CE /* Base */,
			);
			name = Main.storyboard;
			sourceTree = "<group>";
		};
		53F10E1F2AE504F100CB13CE /* LaunchScreen.storyboard */ = {
			isa = PBXVariantGroup;
			children = (
				53F10E202AE504F100CB13CE /* Base */,
			);
			name = LaunchScreen.storyboard;
			sourceTree = "<group>";
		};
/* End PBXVariantGroup section */

/* Begin XCBuildConfiguration section */
		53F10E232AE504F100CB13CE /* Debug */ = {
			isa = XCBuildConfiguration;
			buildSettings = {
				ALWAYS_SEARCH_USER_PATHS = NO;
				CLANG_ANALYZER_NONNULL = YES;
				CLANG_ANALYZER_NUMBER_OBJECT_CONVERSION = YES_AGGRESSIVE;
				CLANG_CXX_LANGUAGE_STANDARD = "gnu++20";
				CLANG_ENABLE_MODULES = YES;
				CLANG_ENABLE_OBJC_ARC = YES;
				CLANG_ENABLE_OBJC_WEAK = YES;
				CLANG_WARN_BLOCK_CAPTURE_AUTORELEASING = YES;
				CLANG_WARN_BOOL_CONVERSION = YES;
				CLANG_WARN_COMMA = YES;
				CLANG_WARN_CONSTANT_CONVERSION = YES;
				CLANG_WARN_DEPRECATED_OBJC_IMPLEMENTATIONS = YES;
				CLANG_WARN_DIRECT_OBJC_ISA_USAGE = YES_ERROR;
				CLANG_WARN_DOCUMENTATION_COMMENTS = YES;
				CLANG_WARN_EMPTY_BODY = YES;
				CLANG_WARN_ENUM_CONVERSION = YES;
				CLANG_WARN_INFINITE_RECURSION = YES;
				CLANG_WARN_INT_CONVERSION = YES;
				CLANG_WARN_NON_LITERAL_NULL_CONVERSION = YES;
				CLANG_WARN_OBJC_IMPLICIT_RETAIN_SELF = YES;
				CLANG_WARN_OBJC_LITERAL_CONVERSION = YES;
				CLANG_WARN_OBJC_ROOT_CLASS = YES_ERROR;
				CLANG_WARN_QUOTED_INCLUDE_IN_FRAMEWORK_HEADER = YES;
				CLANG_WARN_RANGE_LOOP_ANALYSIS = YES;
				CLANG_WARN_STRICT_PROTOTYPES = YES;
				CLANG_WARN_SUSPICIOUS_MOVE = YES;
				CLANG_WARN_UNGUARDED_AVAILABILITY = YES_AGGRESSIVE;
				CLANG_WARN_UNREACHABLE_CODE = YES;
				CLANG_WARN__DUPLICATE_METHOD_MATCH = YES;
				COPY_PHASE_STRIP = NO;
				DEBUG_INFORMATION_FORMAT = dwarf;
				ENABLE_STRICT_OBJC_MSGSEND = YES;
				ENABLE_TESTABILITY = YES;
				GCC_C_LANGUAGE_STANDARD = gnu11;
				GCC_DYNAMIC_NO_PIC = NO;
				GCC_NO_COMMON_BLOCKS = YES;
				GCC_OPTIMIZATION_LEVEL = 0;
				GCC_PREPROCESSOR_DEFINITIONS = (
					"DEBUG=1",
					"$(inherited)",
				);
				GCC_WARN_64_TO_32_BIT_CONVERSION = YES;
				GCC_WARN_ABOUT_RETURN_TYPE = YES_ERROR;
				GCC_WARN_UNDECLARED_SELECTOR = YES;
				GCC_WARN_UNINITIALIZED_AUTOS = YES_AGGRESSIVE;
				GCC_WARN_UNUSED_FUNCTION = YES;
				GCC_WARN_UNUSED_VARIABLE = YES;
				IPHONEOS_DEPLOYMENT_TARGET = 16.2;
				MTL_ENABLE_DEBUG_INFO = INCLUDE_SOURCE;
				MTL_FAST_MATH = YES;
				ONLY_ACTIVE_ARCH = YES;
				SDKROOT = iphoneos;
				SWIFT_ACTIVE_COMPILATION_CONDITIONS = DEBUG;
				SWIFT_OPTIMIZATION_LEVEL = "-Onone";
			};
			name = Debug;
		};
		53F10E242AE504F100CB13CE /* Release */ = {
			isa = XCBuildConfiguration;
			buildSettings = {
				ALWAYS_SEARCH_USER_PATHS = NO;
				CLANG_ANALYZER_NONNULL = YES;
				CLANG_ANALYZER_NUMBER_OBJECT_CONVERSION = YES_AGGRESSIVE;
				CLANG_CXX_LANGUAGE_STANDARD = "gnu++20";
				CLANG_ENABLE_MODULES = YES;
				CLANG_ENABLE_OBJC_ARC = YES;
				CLANG_ENABLE_OBJC_WEAK = YES;
				CLANG_WARN_BLOCK_CAPTURE_AUTORELEASING = YES;
				CLANG_WARN_BOOL_CONVERSION = YES;
				CLANG_WARN_COMMA = YES;
				CLANG_WARN_CONSTANT_CONVERSION = YES;
				CLANG_WARN_DEPRECATED_OBJC_IMPLEMENTATIONS = YES;
				CLANG_WARN_DIRECT_OBJC_ISA_USAGE = YES_ERROR;
				CLANG_WARN_DOCUMENTATION_COMMENTS = YES;
				CLANG_WARN_EMPTY_BODY = YES;
				CLANG_WARN_ENUM_CONVERSION = YES;
				CLANG_WARN_INFINITE_RECURSION = YES;
				CLANG_WARN_INT_CONVERSION = YES;
				CLANG_WARN_NON_LITERAL_NULL_CONVERSION = YES;
				CLANG_WARN_OBJC_IMPLICIT_RETAIN_SELF = YES;
				CLANG_WARN_OBJC_LITERAL_CONVERSION = YES;
				CLANG_WARN_OBJC_ROOT_CLASS = YES_ERROR;
				CLANG_WARN_QUOTED_INCLUDE_IN_FRAMEWORK_HEADER = YES;
				CLANG_WARN_RANGE_LOOP_ANALYSIS = YES;
				CLANG_WARN_STRICT_PROTOTYPES = YES;
				CLANG_WARN_SUSPICIOUS_MOVE = YES;
				CLANG_WARN_UNGUARDED_AVAILABILITY = YES_AGGRESSIVE;
				CLANG_WARN_UNREACHABLE_CODE = YES;
				CLANG_WARN__DUPLICATE_METHOD_MATCH = YES;
				COPY_PHASE_STRIP = NO;
				DEBUG_INFORMATION_FORMAT = "dwarf-with-dsym";
				ENABLE_NS_ASSERTIONS = NO;
				ENABLE_STRICT_OBJC_MSGSEND = YES;
				GCC_C_LANGUAGE_STANDARD = gnu11;
				GCC_NO_COMMON_BLOCKS = YES;
				GCC_WARN_64_TO_32_BIT_CONVERSION = YES;
				GCC_WARN_ABOUT_RETURN_TYPE = YES_ERROR;
				GCC_WARN_UNDECLARED_SELECTOR = YES;
				GCC_WARN_UNINITIALIZED_AUTOS = YES_AGGRESSIVE;
				GCC_WARN_UNUSED_FUNCTION = YES;
				GCC_WARN_UNUSED_VARIABLE = YES;
				IPHONEOS_DEPLOYMENT_TARGET = 16.2;
				MTL_ENABLE_DEBUG_INFO = NO;
				MTL_FAST_MATH = YES;
				SDKROOT = iphoneos;
				SWIFT_COMPILATION_MODE = wholemodule;
				SWIFT_OPTIMIZATION_LEVEL = "-O";
				VALIDATE_PRODUCT = YES;
			};
			name = Release;
		};
		53F10E262AE504F100CB13CE /* Debug */ = {
			isa = XCBuildConfiguration;
			buildSettings = {
				ASSETCATALOG_COMPILER_APPICON_NAME = AppIcon;
				ASSETCATALOG_COMPILER_GLOBAL_ACCENT_COLOR_NAME = AccentColor;
				CODE_SIGN_STYLE = Automatic;
				CURRENT_PROJECT_VERSION = 1;
				DEVELOPMENT_TEAM = 23NP4JHT5T;
				GENERATE_INFOPLIST_FILE = YES;
				INFOPLIST_FILE = OutbreakGuardian/Info.plist;
				INFOPLIST_KEY_UIApplicationSupportsIndirectInputEvents = YES;
				INFOPLIST_KEY_UILaunchStoryboardName = LaunchScreen;
				INFOPLIST_KEY_UIMainStoryboardFile = Main;
				INFOPLIST_KEY_UISupportedInterfaceOrientations_iPad = "UIInterfaceOrientationPortrait UIInterfaceOrientationPortraitUpsideDown UIInterfaceOrientationLandscapeLeft UIInterfaceOrientationLandscapeRight";
				INFOPLIST_KEY_UISupportedInterfaceOrientations_iPhone = "UIInterfaceOrientationPortrait UIInterfaceOrientationLandscapeLeft UIInterfaceOrientationLandscapeRight";
				LD_RUNPATH_SEARCH_PATHS = (
					"$(inherited)",
					"@executable_path/Frameworks",
				);
				MARKETING_VERSION = 1.0;
				PRODUCT_BUNDLE_IDENTIFIER = technica2023.OutbreakGuardian;
				PRODUCT_NAME = "$(TARGET_NAME)";
				SWIFT_EMIT_LOC_STRINGS = YES;
				SWIFT_VERSION = 5.0;
				TARGETED_DEVICE_FAMILY = "1,2";
			};
			name = Debug;
		};
		53F10E272AE504F100CB13CE /* Release */ = {
			isa = XCBuildConfiguration;
			buildSettings = {
				ASSETCATALOG_COMPILER_APPICON_NAME = AppIcon;
				ASSETCATALOG_COMPILER_GLOBAL_ACCENT_COLOR_NAME = AccentColor;
				CODE_SIGN_STYLE = Automatic;
				CURRENT_PROJECT_VERSION = 1;
				DEVELOPMENT_TEAM = 23NP4JHT5T;
				GENERATE_INFOPLIST_FILE = YES;
				INFOPLIST_FILE = OutbreakGuardian/Info.plist;
				INFOPLIST_KEY_UIApplicationSupportsIndirectInputEvents = YES;
				INFOPLIST_KEY_UILaunchStoryboardName = LaunchScreen;
				INFOPLIST_KEY_UIMainStoryboardFile = Main;
				INFOPLIST_KEY_UISupportedInterfaceOrientations_iPad = "UIInterfaceOrientationPortrait UIInterfaceOrientationPortraitUpsideDown UIInterfaceOrientationLandscapeLeft UIInterfaceOrientationLandscapeRight";
				INFOPLIST_KEY_UISupportedInterfaceOrientations_iPhone = "UIInterfaceOrientationPortrait UIInterfaceOrientationLandscapeLeft UIInterfaceOrientationLandscapeRight";
				LD_RUNPATH_SEARCH_PATHS = (
					"$(inherited)",
					"@executable_path/Frameworks",
				);
				MARKETING_VERSION = 1.0;
				PRODUCT_BUNDLE_IDENTIFIER = technica2023.OutbreakGuardian;
				PRODUCT_NAME = "$(TARGET_NAME)";
				SWIFT_EMIT_LOC_STRINGS = YES;
				SWIFT_VERSION = 5.0;
				TARGETED_DEVICE_FAMILY = "1,2";
			};
			name = Release;
		};
/* End XCBuildConfiguration section */

/* Begin XCConfigurationList section */
		53F10E0C2AE504F000CB13CE /* Build configuration list for PBXProject "OutbreakGuardian" */ = {
			isa = XCConfigurationList;
			buildConfigurations = (
				53F10E232AE504F100CB13CE /* Debug */,
				53F10E242AE504F100CB13CE /* Release */,
			);
			defaultConfigurationIsVisible = 0;
			defaultConfigurationName = Release;
		};
		53F10E252AE504F100CB13CE /* Build configuration list for PBXNativeTarget "OutbreakGuardian" */ = {
			isa = XCConfigurationList;
			buildConfigurations = (
				53F10E262AE504F100CB13CE /* Debug */,
				53F10E272AE504F100CB13CE /* Release */,
			);
			defaultConfigurationIsVisible = 0;
			defaultConfigurationName = Release;
		};
/* End XCConfigurationList section */
	};
	rootObject = 53F10E092AE504F000CB13CE /* Project object */;
}
